
Microsoft Visual Studio Solution File, Format Version 12.00
# Visual Studio 2013
VisualStudioVersion = 12.0.30110.0
MinimumVisualStudioVersion = 10.0.40219.1
Project("{FAE04EC0-301F-11D3-BF4B-00C04F79EFBC}") = "WCFExceptionHandling.UI", "WCFExceptionHandling.UI\WCFExceptionHandling.UI.csproj", "{61BF98CF-1776-423E-8FE6-CE064854C772}"
EndProject
Project("{FAE04EC0-301F-11D3-BF4B-00C04F79EFBC}") = "WCFExceptionHandling.Server", "WCFExceptionHandling.Server\WCFExceptionHandling.Server.csproj", "{D398A57B-9737-4D5D-B5E3-B88F91338705}"
EndProject
Project("{FAE04EC0-301F-11D3-BF4B-00C04F79EFBC}") = "WCFExceptionHandling.Common", "WCFExceptionHandling.Common\WCFExceptionHandling.Common.csproj", "{6B01D417-8BDE-4553-B7C9-47F0036EEB53}"
EndProject
Global
	GlobalSection(SolutionConfigurationPlatforms) = preSolution
		Debug|Any CPU = Debug|Any CPU
		Release|Any CPU = Release|Any CPU
	EndGlobalSection
	GlobalSection(ProjectConfigurationPlatforms) = postSolution
		{61BF98CF-1776-423E-8FE6-CE064854C772}.Debug|Any CPU.ActiveCfg = Debug|Any CPU
		{61BF98CF-1776-423E-8FE6-CE064854C772}.Debug|Any CPU.Build.0 = Debug|Any CPU
		{61BF98CF-1776-423E-8FE6-CE064854C772}.Release|Any CPU.ActiveCfg = Release|Any CPU
		{61BF98CF-1776-423E-8FE6-CE064854C772}.Release|Any CPU.Build.0 = Release|Any CPU
		{D398A57B-9737-4D5D-B5E3-B88F91338705}.Debug|Any CPU.ActiveCfg = Debug|Any CPU
		{D398A57B-9737-4D5D-B5E3-B88F91338705}.Debug|Any CPU.Build.0 = Debug|Any CPU
		{D398A57B-9737-4D5D-B5E3-B88F91338705}.Release|Any CPU.ActiveCfg = Release|Any CPU
		{D398A57B-9737-4D5D-B5E3-B88F91338705}.Release|Any CPU.Build.0 = Release|Any CPU
		{6B01D417-8BDE-4553-B7C9-47F0036EEB53}.Debug|Any CPU.ActiveCfg = Debug|Any CPU
		{6B01D417-8BDE-4553-B7C9-47F0036EEB53}.Debug|Any CPU.Build.0 = Debug|Any CPU
		{6B01D417-8BDE-4553-B7C9-47F0036EEB53}.Release|Any CPU.ActiveCfg = Release|Any CPU
		{6B01D417-8BDE-4553-B7C9-47F0036EEB53}.Release|Any CPU.Build.0 = Release|Any CPU
	EndGlobalSection
	GlobalSection(SolutionProperties) = preSolution
		HideSolutionNode = FALSE
	EndGlobalSection
EndGlobal
