
Microsoft Visual Studio Solution File, Format Version 12.00
# Visual Studio 14
VisualStudioVersion = 14.0.25420.1
MinimumVisualStudioVersion = 10.0.40219.1
Project("{FAE04EC0-301F-11D3-BF4B-00C04F79EFBC}") = "PokerLeagueManager.Commands.Domain", "PokerLeagueManager.Commands.Domain\PokerLeagueManager.Commands.Domain.csproj", "{D702BDB7-9F99-4509-82AF-632689AFF7D0}"
EndProject
Project("{00D1A9C2-B5F0-4AF3-8072-F6C62B433612}") = "PokerLeagueManager.DB.EventStore", "PokerLeagueManager.DB.EventStore\PokerLeagueManager.DB.EventStore.sqlproj", "{E061B9CD-0B3D-4D6E-BEB2-DDE0A3694324}"
EndProject
Project("{00D1A9C2-B5F0-4AF3-8072-F6C62B433612}") = "PokerLeagueManager.DB.QueryStore", "PokerLeagueManager.DB.QueryStore\PokerLeagueManager.DB.QueryStore.sqlproj", "{F192188E-A6BB-48D3-BEA8-62D58BE991C0}"
EndProject
Project("{FAE04EC0-301F-11D3-BF4B-00C04F79EFBC}") = "PokerLeagueManager.Queries.Core", "PokerLeagueManager.Queries.Core\PokerLeagueManager.Queries.Core.csproj", "{7C0D835A-1CDA-41DA-B203-B0EE2F17063A}"
EndProject
Project("{2150E333-8FDC-42A3-9474-1A3956D46DE8}") = "Infrastructure", "Infrastructure", "{93A7F75E-5AE9-4D87-9EF1-98324A1AFFA8}"
EndProject
Project("{2150E333-8FDC-42A3-9474-1A3956D46DE8}") = "Tests", "Tests", "{F89680D5-25BE-4A81-BC13-04EE6E2B7347}"
EndProject
Project("{FAE04EC0-301F-11D3-BF4B-00C04F79EFBC}") = "PokerLeagueManager.Commands.Tests", "PokerLeagueManager.Commands.Tests\PokerLeagueManager.Commands.Tests.csproj", "{B1827067-9FB2-4023-B4E9-75F21F71468A}"
EndProject
Project("{FAE04EC0-301F-11D3-BF4B-00C04F79EFBC}") = "PokerLeagueManager.Infrastructure.Tests", "PokerLeagueManager.Infrastructure.Tests\PokerLeagueManager.Infrastructure.Tests.csproj", "{E727D44E-0D3F-4C9D-9193-7752AB8C5DFA}"
EndProject
Project("{F088123C-0E9E-452A-89E6-6BA2F21D5CAC}") = "PokerLeagueManager.Models", "PokerLeagueManager.Models\PokerLeagueManager.Models.modelproj", "{BC60218F-B06C-4488-B4A9-9B227D7AD0B6}"
EndProject
Project("{FAE04EC0-301F-11D3-BF4B-00C04F79EFBC}") = "PokerLeagueManager.Queries.Tests", "PokerLeagueManager.Queries.Tests\PokerLeagueManager.Queries.Tests.csproj", "{70F1C695-ADFB-4D3D-BEEF-10D64C66D7C6}"
EndProject
Project("{FAE04EC0-301F-11D3-BF4B-00C04F79EFBC}") = "PokerLeagueManager.Common.Tests", "PokerLeagueManager.Common.Tests\PokerLeagueManager.Common.Tests.csproj", "{8ADE28F5-E0E5-4130-B882-28958BBF6EE0}"
EndProject
Project("{FAE04EC0-301F-11D3-BF4B-00C04F79EFBC}") = "PokerLeagueManager.Common", "PokerLeagueManager.Common\PokerLeagueManager.Common.csproj", "{DE404A65-AB5D-409F-BB18-919EF139B4C9}"
EndProject
Project("{FAE04EC0-301F-11D3-BF4B-00C04F79EFBC}") = "PokerLeagueManager.Utilities", "PokerLeagueManager.Utilities\PokerLeagueManager.Utilities.csproj", "{24B41194-1027-4F0B-BADC-D3EA5A759A21}"
EndProject
Project("{FAE04EC0-301F-11D3-BF4B-00C04F79EFBC}") = "PokerLeagueManager.UI.Web", "PokerLeagueManager.UI.Web\PokerLeagueManager.UI.Web.csproj", "{7C9372F0-EA1E-4F69-8294-679FBCF764BE}"
EndProject
Project("{FAE04EC0-301F-11D3-BF4B-00C04F79EFBC}") = "PokerLeagueManager.Queries.WebApi", "PokerLeagueManager.Queries.WebApi\PokerLeagueManager.Queries.WebApi.csproj", "{43107351-440B-425E-B1E9-96C4F64F03F7}"
EndProject
Project("{FAE04EC0-301F-11D3-BF4B-00C04F79EFBC}") = "PokerLeagueManager.Commands.WebApi", "PokerLeagueManager.Commands.WebApi\PokerLeagueManager.Commands.WebApi.csproj", "{E5E86BC6-52F3-4EF3-845C-9878E88A37B5}"
EndProject
Global
	GlobalSection(SolutionConfigurationPlatforms) = preSolution
		Debug|Any CPU = Debug|Any CPU
		Release|Any CPU = Release|Any CPU
	EndGlobalSection
	GlobalSection(ProjectConfigurationPlatforms) = postSolution
		{D702BDB7-9F99-4509-82AF-632689AFF7D0}.Debug|Any CPU.ActiveCfg = Debug|Any CPU
		{D702BDB7-9F99-4509-82AF-632689AFF7D0}.Debug|Any CPU.Build.0 = Debug|Any CPU
		{D702BDB7-9F99-4509-82AF-632689AFF7D0}.Release|Any CPU.ActiveCfg = Release|Any CPU
		{D702BDB7-9F99-4509-82AF-632689AFF7D0}.Release|Any CPU.Build.0 = Release|Any CPU
		{E061B9CD-0B3D-4D6E-BEB2-DDE0A3694324}.Debug|Any CPU.ActiveCfg = Debug|Any CPU
		{E061B9CD-0B3D-4D6E-BEB2-DDE0A3694324}.Debug|Any CPU.Build.0 = Debug|Any CPU
		{E061B9CD-0B3D-4D6E-BEB2-DDE0A3694324}.Debug|Any CPU.Deploy.0 = Debug|Any CPU
		{E061B9CD-0B3D-4D6E-BEB2-DDE0A3694324}.Release|Any CPU.ActiveCfg = Release|Any CPU
		{E061B9CD-0B3D-4D6E-BEB2-DDE0A3694324}.Release|Any CPU.Build.0 = Release|Any CPU
		{E061B9CD-0B3D-4D6E-BEB2-DDE0A3694324}.Release|Any CPU.Deploy.0 = Release|Any CPU
		{F192188E-A6BB-48D3-BEA8-62D58BE991C0}.Debug|Any CPU.ActiveCfg = Debug|Any CPU
		{F192188E-A6BB-48D3-BEA8-62D58BE991C0}.Debug|Any CPU.Build.0 = Debug|Any CPU
		{F192188E-A6BB-48D3-BEA8-62D58BE991C0}.Debug|Any CPU.Deploy.0 = Debug|Any CPU
		{F192188E-A6BB-48D3-BEA8-62D58BE991C0}.Release|Any CPU.ActiveCfg = Release|Any CPU
		{F192188E-A6BB-48D3-BEA8-62D58BE991C0}.Release|Any CPU.Build.0 = Release|Any CPU
		{F192188E-A6BB-48D3-BEA8-62D58BE991C0}.Release|Any CPU.Deploy.0 = Release|Any CPU
		{7C0D835A-1CDA-41DA-B203-B0EE2F17063A}.Debug|Any CPU.ActiveCfg = Debug|Any CPU
		{7C0D835A-1CDA-41DA-B203-B0EE2F17063A}.Debug|Any CPU.Build.0 = Debug|Any CPU
		{7C0D835A-1CDA-41DA-B203-B0EE2F17063A}.Release|Any CPU.ActiveCfg = Release|Any CPU
		{7C0D835A-1CDA-41DA-B203-B0EE2F17063A}.Release|Any CPU.Build.0 = Release|Any CPU
		{B1827067-9FB2-4023-B4E9-75F21F71468A}.Debug|Any CPU.ActiveCfg = Debug|Any CPU
		{B1827067-9FB2-4023-B4E9-75F21F71468A}.Debug|Any CPU.Build.0 = Debug|Any CPU
		{B1827067-9FB2-4023-B4E9-75F21F71468A}.Release|Any CPU.ActiveCfg = Release|Any CPU
		{B1827067-9FB2-4023-B4E9-75F21F71468A}.Release|Any CPU.Build.0 = Release|Any CPU
		{E727D44E-0D3F-4C9D-9193-7752AB8C5DFA}.Debug|Any CPU.ActiveCfg = Debug|Any CPU
		{E727D44E-0D3F-4C9D-9193-7752AB8C5DFA}.Debug|Any CPU.Build.0 = Debug|Any CPU
		{E727D44E-0D3F-4C9D-9193-7752AB8C5DFA}.Release|Any CPU.ActiveCfg = Release|Any CPU
		{E727D44E-0D3F-4C9D-9193-7752AB8C5DFA}.Release|Any CPU.Build.0 = Release|Any CPU
		{BC60218F-B06C-4488-B4A9-9B227D7AD0B6}.Debug|Any CPU.ActiveCfg = Debug|Any CPU
		{BC60218F-B06C-4488-B4A9-9B227D7AD0B6}.Debug|Any CPU.Build.0 = Debug|Any CPU
		{BC60218F-B06C-4488-B4A9-9B227D7AD0B6}.Release|Any CPU.ActiveCfg = Release|Any CPU
		{BC60218F-B06C-4488-B4A9-9B227D7AD0B6}.Release|Any CPU.Build.0 = Release|Any CPU
		{70F1C695-ADFB-4D3D-BEEF-10D64C66D7C6}.Debug|Any CPU.ActiveCfg = Debug|Any CPU
		{70F1C695-ADFB-4D3D-BEEF-10D64C66D7C6}.Debug|Any CPU.Build.0 = Debug|Any CPU
		{70F1C695-ADFB-4D3D-BEEF-10D64C66D7C6}.Release|Any CPU.ActiveCfg = Release|Any CPU
		{70F1C695-ADFB-4D3D-BEEF-10D64C66D7C6}.Release|Any CPU.Build.0 = Release|Any CPU
		{8ADE28F5-E0E5-4130-B882-28958BBF6EE0}.Debug|Any CPU.ActiveCfg = Debug|Any CPU
		{8ADE28F5-E0E5-4130-B882-28958BBF6EE0}.Debug|Any CPU.Build.0 = Debug|Any CPU
		{8ADE28F5-E0E5-4130-B882-28958BBF6EE0}.Release|Any CPU.ActiveCfg = Release|Any CPU
		{8ADE28F5-E0E5-4130-B882-28958BBF6EE0}.Release|Any CPU.Build.0 = Release|Any CPU
		{DE404A65-AB5D-409F-BB18-919EF139B4C9}.Debug|Any CPU.ActiveCfg = Debug|Any CPU
		{DE404A65-AB5D-409F-BB18-919EF139B4C9}.Debug|Any CPU.Build.0 = Debug|Any CPU
		{DE404A65-AB5D-409F-BB18-919EF139B4C9}.Release|Any CPU.ActiveCfg = Release|Any CPU
		{DE404A65-AB5D-409F-BB18-919EF139B4C9}.Release|Any CPU.Build.0 = Release|Any CPU
		{24B41194-1027-4F0B-BADC-D3EA5A759A21}.Debug|Any CPU.ActiveCfg = Debug|Any CPU
		{24B41194-1027-4F0B-BADC-D3EA5A759A21}.Debug|Any CPU.Build.0 = Debug|Any CPU
		{24B41194-1027-4F0B-BADC-D3EA5A759A21}.Release|Any CPU.ActiveCfg = Release|Any CPU
		{24B41194-1027-4F0B-BADC-D3EA5A759A21}.Release|Any CPU.Build.0 = Release|Any CPU
		{7C9372F0-EA1E-4F69-8294-679FBCF764BE}.Debug|Any CPU.ActiveCfg = Debug|Any CPU
		{7C9372F0-EA1E-4F69-8294-679FBCF764BE}.Debug|Any CPU.Build.0 = Debug|Any CPU
		{7C9372F0-EA1E-4F69-8294-679FBCF764BE}.Release|Any CPU.ActiveCfg = Release|Any CPU
		{7C9372F0-EA1E-4F69-8294-679FBCF764BE}.Release|Any CPU.Build.0 = Release|Any CPU
		{43107351-440B-425E-B1E9-96C4F64F03F7}.Debug|Any CPU.ActiveCfg = Debug|Any CPU
		{43107351-440B-425E-B1E9-96C4F64F03F7}.Debug|Any CPU.Build.0 = Debug|Any CPU
		{43107351-440B-425E-B1E9-96C4F64F03F7}.Release|Any CPU.ActiveCfg = Release|Any CPU
		{43107351-440B-425E-B1E9-96C4F64F03F7}.Release|Any CPU.Build.0 = Release|Any CPU
		{E5E86BC6-52F3-4EF3-845C-9878E88A37B5}.Debug|Any CPU.ActiveCfg = Debug|Any CPU
		{E5E86BC6-52F3-4EF3-845C-9878E88A37B5}.Debug|Any CPU.Build.0 = Debug|Any CPU
		{E5E86BC6-52F3-4EF3-845C-9878E88A37B5}.Release|Any CPU.ActiveCfg = Release|Any CPU
		{E5E86BC6-52F3-4EF3-845C-9878E88A37B5}.Release|Any CPU.Build.0 = Release|Any CPU
	EndGlobalSection
	GlobalSection(SolutionProperties) = preSolution
		HideSolutionNode = FALSE
	EndGlobalSection
	GlobalSection(NestedProjects) = preSolution
		{E061B9CD-0B3D-4D6E-BEB2-DDE0A3694324} = {93A7F75E-5AE9-4D87-9EF1-98324A1AFFA8}
		{B1827067-9FB2-4023-B4E9-75F21F71468A} = {F89680D5-25BE-4A81-BC13-04EE6E2B7347}
		{E727D44E-0D3F-4C9D-9193-7752AB8C5DFA} = {F89680D5-25BE-4A81-BC13-04EE6E2B7347}
		{BC60218F-B06C-4488-B4A9-9B227D7AD0B6} = {93A7F75E-5AE9-4D87-9EF1-98324A1AFFA8}
		{70F1C695-ADFB-4D3D-BEEF-10D64C66D7C6} = {F89680D5-25BE-4A81-BC13-04EE6E2B7347}
		{8ADE28F5-E0E5-4130-B882-28958BBF6EE0} = {F89680D5-25BE-4A81-BC13-04EE6E2B7347}
		{24B41194-1027-4F0B-BADC-D3EA5A759A21} = {93A7F75E-5AE9-4D87-9EF1-98324A1AFFA8}
		{43107351-440B-425E-B1E9-96C4F64F03F7} = {93A7F75E-5AE9-4D87-9EF1-98324A1AFFA8}
		{E5E86BC6-52F3-4EF3-845C-9878E88A37B5} = {93A7F75E-5AE9-4D87-9EF1-98324A1AFFA8}
	EndGlobalSection
EndGlobal
